
Microsoft Visual Studio Solution File, Format Version 12.00
# Visual Studio 14
VisualStudioVersion = 14.0.25123.0
MinimumVisualStudioVersion = 10.0.40219.1
Project("{FAE04EC0-301F-11D3-BF4B-00C04F79EFBC}") = "HelloHackerRank", "HelloHackerRank\HelloHackerRank.csproj", "{7A731EF8-3CCA-4E7C-9A7F-142ED3808B0C}"
EndProject
Project("{FAE04EC0-301F-11D3-BF4B-00C04F79EFBC}") = "AlternatingCharacters", "AlternatingCharacters\AlternatingCharacters.csproj", "{1C0F6017-C9FE-4F85-957D-CAB695110FD0}"
EndProject
Project("{FAE04EC0-301F-11D3-BF4B-00C04F79EFBC}") = "Anagram", "Anagram\Anagram.csproj", "{348C7ABC-F2A6-4CC4-AB17-7624C23A2162}"
EndProject
Project("{FAE04EC0-301F-11D3-BF4B-00C04F79EFBC}") = "AngryProfessor", "AngryProfessor\AngryProfessor.csproj", "{CE6516B3-C340-4112-8E5C-1B485E13E9C1}"
EndProject
Project("{FAE04EC0-301F-11D3-BF4B-00C04F79EFBC}") = "AtoiTest", "AtoiTest\AtoiTest.csproj", "{762B8E18-B7D2-4B28-B2E0-A79D732D293B}"
EndProject
Project("{FAE04EC0-301F-11D3-BF4B-00C04F79EFBC}") = "BeautifulBinaryString", "BeautifulBinaryString\BeautifulBinaryString.csproj", "{5E19311A-B030-478F-AB26-0157D313D642}"
EndProject
Project("{FAE04EC0-301F-11D3-BF4B-00C04F79EFBC}") = "BiggerIsGreater", "BiggerIsGreater\BiggerIsGreater.csproj", "{0245A227-3224-4A76-BEF4-34030963345F}"
EndProject
Project("{FAE04EC0-301F-11D3-BF4B-00C04F79EFBC}") = "BonAppetit", "BonAppetit\BonAppetit.csproj", "{616FB668-68D0-43D0-B3AE-3B7AFBDFFCA7}"
EndProject
Project("{FAE04EC0-301F-11D3-BF4B-00C04F79EFBC}") = "CaesarCipher", "CaesarCipher\CaesarCipher.csproj", "{3DDD12CA-D61F-4C98-8829-8305E433A675}"
EndProject
Project("{FAE04EC0-301F-11D3-BF4B-00C04F79EFBC}") = "CamelCase", "CamelCase\CamelCase.csproj", "{8503F1BD-0CD2-4060-AFF3-A48A79997202}"
EndProject
Project("{FAE04EC0-301F-11D3-BF4B-00C04F79EFBC}") = "CavityMap", "CavityMap\CavityMap.csproj", "{45556141-2564-4B8D-94C8-B6C408C60593}"
EndProject
Project("{FAE04EC0-301F-11D3-BF4B-00C04F79EFBC}") = "CharToAscii", "CharToAscii\CharToAscii.csproj", "{9A503D17-D3AD-471F-A349-7F8C81A50E9F}"
EndProject
Project("{FAE04EC0-301F-11D3-BF4B-00C04F79EFBC}") = "ChocolateFeast", "ChocolateFeast\ChocolateFeast.csproj", "{C5B935C7-19CD-4DE7-BA53-EBFE7780FE93}"
EndProject
Project("{FAE04EC0-301F-11D3-BF4B-00C04F79EFBC}") = "CompareTheTriplets", "CompareTheTriplets\CompareTheTriplets.csproj", "{384744F9-D673-4566-B63F-4271A928565A}"
EndProject
Project("{FAE04EC0-301F-11D3-BF4B-00C04F79EFBC}") = "CutTheSticks", "CutTheSticks\CutTheSticks.csproj", "{D3BF5B5B-15E6-4D17-B465-0E6E924AF3BE}"
EndProject
Project("{FAE04EC0-301F-11D3-BF4B-00C04F79EFBC}") = "DiagonalDifference", "DiagonalDifference\DiagonalDifference.csproj", "{62C43602-1A03-43FB-963F-FCBD4EDA0ED4}"
EndProject
Project("{FAE04EC0-301F-11D3-BF4B-00C04F79EFBC}") = "DivisibleSumPairs", "DivisibleSumPairs\DivisibleSumPairs.csproj", "{4A75C6E4-7151-4B85-83A0-231BB005BD04}"
EndProject
Project("{FAE04EC0-301F-11D3-BF4B-00C04F79EFBC}") = "Encryption", "Encryption\Encryption.csproj", "{C1309AFD-EA70-4B7D-9824-805D7D84DFAB}"
EndProject
Project("{FAE04EC0-301F-11D3-BF4B-00C04F79EFBC}") = "EqualStacks", "EqualStacks\EqualStacks.csproj", "{4EDC219C-193D-42A7-9D94-43973445A267}"
EndProject
Project("{FAE04EC0-301F-11D3-BF4B-00C04F79EFBC}") = "Factorial", "Factorial\Factorial.csproj", "{76E4E7FD-7D81-4B55-9A3C-EB7E724A03EF}"
EndProject
Project("{FAE04EC0-301F-11D3-BF4B-00C04F79EFBC}") = "FindAllUniquePairs", "FindAllUniquePairs\FindAllUniquePairs.csproj", "{664DBAA9-526C-4D92-9DAE-A8C51D15743C}"
EndProject
Project("{FAE04EC0-301F-11D3-BF4B-00C04F79EFBC}") = "FlippingBits", "FlippingBits\FlippingBits.csproj", "{332DEF4A-086F-4C21-AA1C-B7D1E5F740B8}"
EndProject
Project("{FAE04EC0-301F-11D3-BF4B-00C04F79EFBC}") = "FloydsCycleFindingAlgorithm", "FloydsCycleFindingAlgorithm\FloydsCycleFindingAlgorithm.csproj", "{40C2E6CD-60B8-40C3-B6FB-AAF56984E839}"
EndProject
Project("{FAE04EC0-301F-11D3-BF4B-00C04F79EFBC}") = "FunnyString", "FunnyString\FunnyString.csproj", "{4BB110C0-E27B-4E7B-97F9-D24726577D5D}"
EndProject
Project("{FAE04EC0-301F-11D3-BF4B-00C04F79EFBC}") = "GameOfThoresI", "GameOfThoresI\GameOfThoresI.csproj", "{0585F2D1-642C-4F5D-8169-F12D4A922B35}"
EndProject
Project("{FAE04EC0-301F-11D3-BF4B-00C04F79EFBC}") = "Gemstones", "Gemstones\Gemstones.csproj", "{6C79E2F4-DC69-4D6C-AFD0-CE9C1EC19A2A}"
EndProject
Project("{FAE04EC0-301F-11D3-BF4B-00C04F79EFBC}") = "GridChallenge", "GridChallenge\GridChallenge.csproj", "{01E6EB19-9E6E-41C8-80A1-E166ED887BC3}"
EndProject
Project("{FAE04EC0-301F-11D3-BF4B-00C04F79EFBC}") = "IceCreamParlor", "IceCreamParlor\IceCreamParlor.csproj", "{402CEC80-64D3-4ACF-A139-19CBA20488DB}"
EndProject
Project("{FAE04EC0-301F-11D3-BF4B-00C04F79EFBC}") = "JimAndTheOrders", "JimAndTheOrders\JimAndTheOrders.csproj", "{716148B8-2E85-439C-A571-598AB8589D28}"
EndProject
Project("{FAE04EC0-301F-11D3-BF4B-00C04F79EFBC}") = "JumpingOnTheClouds", "JumpingOnTheClouds\JumpingOnTheClouds.csproj", "{AFE94199-41E6-406C-9637-4E0D8DB1BE99}"
EndProject
Project("{FAE04EC0-301F-11D3-BF4B-00C04F79EFBC}") = "JumpingOnTheCloudsRevisited", "JumpingOnTheCloudsRevisited\JumpingOnTheCloudsRevisited.csproj", "{95E8ED55-7128-4714-B02C-D2B67909666B}"
EndProject
Project("{FAE04EC0-301F-11D3-BF4B-00C04F79EFBC}") = "Kangaroo", "Kangaroo\Kangaroo.csproj", "{47342236-56A1-4B2C-B0D5-022F85A56DEF}"
EndProject
Project("{FAE04EC0-301F-11D3-BF4B-00C04F79EFBC}") = "LisasWorkbook", "LisasWorkbook\LisasWorkbook.csproj", "{2C19F4A4-D185-4252-9CD1-14A8781B7DFF}"
EndProject
Project("{FAE04EC0-301F-11D3-BF4B-00C04F79EFBC}") = "LonelyInteger", "LonelyInteger\LonelyInteger.csproj", "{8802D6F4-2C73-4649-8ADE-DA4D610F0794}"
EndProject
Project("{FAE04EC0-301F-11D3-BF4B-00C04F79EFBC}") = "MakeItAnagram", "MakeItAnagram\MakeItAnagram.csproj", "{9723F6D4-5F85-4C1B-9C20-B3680F344D90}"
EndProject
Project("{FAE04EC0-301F-11D3-BF4B-00C04F79EFBC}") = "MarkAndToys", "MarkAndToys\MarkAndToys.csproj", "{30555EC3-535F-4964-9886-CBA12E25CF18}"
EndProject
Project("{FAE04EC0-301F-11D3-BF4B-00C04F79EFBC}") = "MarsExploration", "MarsExploration\MarsExploration.csproj", "{FAD00396-B0D7-42AA-BD8D-57793FBC6BE9}"
EndProject
Project("{FAE04EC0-301F-11D3-BF4B-00C04F79EFBC}") = "MaximiseSum", "MaximiseSum\MaximiseSum.csproj", "{E9BC45DA-9455-4F91-B197-D11C8D90998B}"
EndProject
Project("{FAE04EC0-301F-11D3-BF4B-00C04F79EFBC}") = "MaximizingXOR", "MaximizingXOR\MaximizingXOR.csproj", "{BCD423B7-B9C4-41C8-8615-4FCBA8C5EB15}"
EndProject
Project("{FAE04EC0-301F-11D3-BF4B-00C04F79EFBC}") = "ModifiedKaprekarNumbers", "ModifiedKaprekarNumbers\ModifiedKaprekarNumbers.csproj", "{C5A9C093-6DB5-4CAF-B6A0-0B1E14F26598}"
EndProject
Project("{FAE04EC0-301F-11D3-BF4B-00C04F79EFBC}") = "CorrectnessAndTheLoopInvariant", "CorrectnessAndTheLoopInvariant\CorrectnessAndTheLoopInvariant.csproj", "{12029AE4-3C94-450F-BD1F-150EBA5B0F00}"
EndProject
Project("{FAE04EC0-301F-11D3-BF4B-00C04F79EFBC}") = "Palindrome", "Palindrome\Palindrome.csproj", "{03345316-DB44-46C1-92A1-2157E7736D2D}"
EndProject
Project("{FAE04EC0-301F-11D3-BF4B-00C04F79EFBC}") = "PalindromeIndex", "PalindromeIndex\PalindromeIndex.csproj", "{1D185703-875E-4A57-94CC-F782071D251F}"
EndProject
Project("{FAE04EC0-301F-11D3-BF4B-00C04F79EFBC}") = "Pangrams", "Pangrams\Pangrams.csproj", "{55C3EC6F-5A73-4B8E-A99C-4A201BD19641}"
EndProject
Project("{FAE04EC0-301F-11D3-BF4B-00C04F79EFBC}") = "PlusMinus", "PlusMinus\PlusMinus.csproj", "{2AC68D82-1E7A-49A4-AFB7-959BD343E5D9}"
EndProject
Project("{FAE04EC0-301F-11D3-BF4B-00C04F79EFBC}") = "RichieRich", "RichieRich\RichieRich.csproj", "{4056016F-B778-404A-8B1C-F359A653E65C}"
EndProject
Project("{FAE04EC0-301F-11D3-BF4B-00C04F79EFBC}") = "RotateArray", "RotateArray\RotateArray.csproj", "{09729EBA-8326-439A-9D0B-62D146AFC3D2}"
EndProject
Project("{FAE04EC0-301F-11D3-BF4B-00C04F79EFBC}") = "RotateMatrix", "RotateMatrix\RotateMatrix.csproj", "{FD13E028-B64C-4A90-9D7D-F77F807C88BF}"
EndProject
Project("{FAE04EC0-301F-11D3-BF4B-00C04F79EFBC}") = "RunningTimeOfAlgorithms", "RunningTimeOfAlgorithms\RunningTimeOfAlgorithms.csproj", "{993E0CF7-C00B-46AF-B929-8E492BDF1ECA}"
EndProject
Project("{FAE04EC0-301F-11D3-BF4B-00C04F79EFBC}") = "SherlockAndArray", "SherlockAndArray\SherlockAndArray.csproj", "{84DD717E-3ED4-4274-A2C0-98F1777126B0}"
EndProject
Project("{FAE04EC0-301F-11D3-BF4B-00C04F79EFBC}") = "SherlockAndSquares", "SherlockAndSquares\SherlockAndSquares.csproj", "{55FC45E6-F533-40A6-B07C-8C650C16DFE8}"
EndProject
Project("{FAE04EC0-301F-11D3-BF4B-00C04F79EFBC}") = "SherlockAndTheBeast", "SherlockAndTheBeast\SherlockAndTheBeast.csproj", "{34C33A35-269A-4E34-8E05-F43D9960A443}"
EndProject
Project("{FAE04EC0-301F-11D3-BF4B-00C04F79EFBC}") = "StackWithQueue", "StackWithQueue\StackWithQueue.csproj", "{CC173D51-8D29-4D44-A731-480264A17913}"
EndProject
Project("{FAE04EC0-301F-11D3-BF4B-00C04F79EFBC}") = "Staircase", "Staircase\Staircase.csproj", "{5098B420-FBE2-49A8-9723-F49DECB26D5E}"
EndProject
Project("{FAE04EC0-301F-11D3-BF4B-00C04F79EFBC}") = "StockMaximize", "StockMaximize\StockMaximize.csproj", "{1EE39B87-F50F-4A4E-9C2A-880DA8AFCC95}"
EndProject
Project("{FAE04EC0-301F-11D3-BF4B-00C04F79EFBC}") = "StringConstruction", "StringConstruction\StringConstruction.csproj", "{43C3121C-164C-41EC-AB37-7BDFE3A43052}"
EndProject
Project("{FAE04EC0-301F-11D3-BF4B-00C04F79EFBC}") = "SuperReducedString", "SuperReducedString\SuperReducedString.csproj", "{CAE13D90-AA0A-4195-8842-9868AC4098FA}"
EndProject
Project("{FAE04EC0-301F-11D3-BF4B-00C04F79EFBC}") = "TaumAndBday", "TaumAndBday\TaumAndBday.csproj", "{C650675B-9B7D-41E4-B11D-F7B26CECC803}"
EndProject
Project("{FAE04EC0-301F-11D3-BF4B-00C04F79EFBC}") = "TheLoveLetterMystery", "TheLoveLetterMystery\TheLoveLetterMystery.csproj", "{254DC1A7-2EEA-4739-BCAE-19E27B8542F0}"
EndProject
Project("{FAE04EC0-301F-11D3-BF4B-00C04F79EFBC}") = "TheMaximumSubarray", "TheMaximumSubarray\TheMaximumSubarray.csproj", "{5B4CAEE6-562F-44AA-8B9B-12CC1619EA49}"
EndProject
Project("{FAE04EC0-301F-11D3-BF4B-00C04F79EFBC}") = "TheTimeInWords", "TheTimeInWords\TheTimeInWords.csproj", "{C969C26F-2C63-440F-BFEE-5D11AF325302}"
EndProject
Project("{FAE04EC0-301F-11D3-BF4B-00C04F79EFBC}") = "TimeConversion", "TimeConversion\TimeConversion.csproj", "{46FF2CC5-38A6-4569-94CE-FA586EA08F93}"
EndProject
Project("{FAE04EC0-301F-11D3-BF4B-00C04F79EFBC}") = "PermutingTwoArrays", "PermutingTwoArrays\PermutingTwoArrays.csproj", "{FCCF901E-14E7-424D-B7B0-522AB3ABA7F3}"
EndProject
Project("{FAE04EC0-301F-11D3-BF4B-00C04F79EFBC}") = "TwoStrings", "TwoStrings\TwoStrings.csproj", "{E95C2AEF-6F5F-41BC-BD6A-CDD382CE19FC}"
EndProject
Project("{FAE04EC0-301F-11D3-BF4B-00C04F79EFBC}") = "UtopianTree", "UtopianTree\UtopianTree.csproj", "{B9D64CA7-EDDA-4090-A67B-B842ABEF3486}"
EndProject
Project("{FAE04EC0-301F-11D3-BF4B-00C04F79EFBC}") = "Mini-MaxSum", "Mini-MaxSum\Mini-MaxSum.csproj", "{DD800B52-6F49-4B40-9359-5C408E6157A9}"
EndProject
Project("{FAE04EC0-301F-11D3-BF4B-00C04F79EFBC}") = "GradingStudents", "GradingStudents\GradingStudents.csproj", "{63A6825C-9F1F-44E6-A97E-2E6EBD5B7561}"
EndProject
Global
	GlobalSection(SolutionConfigurationPlatforms) = preSolution
		Debug|Any CPU = Debug|Any CPU
		Release|Any CPU = Release|Any CPU
	EndGlobalSection
	GlobalSection(ProjectConfigurationPlatforms) = postSolution
		{7A731EF8-3CCA-4E7C-9A7F-142ED3808B0C}.Debug|Any CPU.ActiveCfg = Debug|Any CPU
		{7A731EF8-3CCA-4E7C-9A7F-142ED3808B0C}.Debug|Any CPU.Build.0 = Debug|Any CPU
		{7A731EF8-3CCA-4E7C-9A7F-142ED3808B0C}.Release|Any CPU.ActiveCfg = Release|Any CPU
		{7A731EF8-3CCA-4E7C-9A7F-142ED3808B0C}.Release|Any CPU.Build.0 = Release|Any CPU
		{1C0F6017-C9FE-4F85-957D-CAB695110FD0}.Debug|Any CPU.ActiveCfg = Debug|Any CPU
		{1C0F6017-C9FE-4F85-957D-CAB695110FD0}.Debug|Any CPU.Build.0 = Debug|Any CPU
		{1C0F6017-C9FE-4F85-957D-CAB695110FD0}.Release|Any CPU.ActiveCfg = Release|Any CPU
		{1C0F6017-C9FE-4F85-957D-CAB695110FD0}.Release|Any CPU.Build.0 = Release|Any CPU
		{348C7ABC-F2A6-4CC4-AB17-7624C23A2162}.Debug|Any CPU.ActiveCfg = Debug|Any CPU
		{348C7ABC-F2A6-4CC4-AB17-7624C23A2162}.Debug|Any CPU.Build.0 = Debug|Any CPU
		{348C7ABC-F2A6-4CC4-AB17-7624C23A2162}.Release|Any CPU.ActiveCfg = Release|Any CPU
		{348C7ABC-F2A6-4CC4-AB17-7624C23A2162}.Release|Any CPU.Build.0 = Release|Any CPU
		{CE6516B3-C340-4112-8E5C-1B485E13E9C1}.Debug|Any CPU.ActiveCfg = Debug|Any CPU
		{CE6516B3-C340-4112-8E5C-1B485E13E9C1}.Debug|Any CPU.Build.0 = Debug|Any CPU
		{CE6516B3-C340-4112-8E5C-1B485E13E9C1}.Release|Any CPU.ActiveCfg = Release|Any CPU
		{CE6516B3-C340-4112-8E5C-1B485E13E9C1}.Release|Any CPU.Build.0 = Release|Any CPU
		{762B8E18-B7D2-4B28-B2E0-A79D732D293B}.Debug|Any CPU.ActiveCfg = Debug|Any CPU
		{762B8E18-B7D2-4B28-B2E0-A79D732D293B}.Debug|Any CPU.Build.0 = Debug|Any CPU
		{762B8E18-B7D2-4B28-B2E0-A79D732D293B}.Release|Any CPU.ActiveCfg = Release|Any CPU
		{762B8E18-B7D2-4B28-B2E0-A79D732D293B}.Release|Any CPU.Build.0 = Release|Any CPU
		{5E19311A-B030-478F-AB26-0157D313D642}.Debug|Any CPU.ActiveCfg = Debug|Any CPU
		{5E19311A-B030-478F-AB26-0157D313D642}.Debug|Any CPU.Build.0 = Debug|Any CPU
		{5E19311A-B030-478F-AB26-0157D313D642}.Release|Any CPU.ActiveCfg = Release|Any CPU
		{5E19311A-B030-478F-AB26-0157D313D642}.Release|Any CPU.Build.0 = Release|Any CPU
		{0245A227-3224-4A76-BEF4-34030963345F}.Debug|Any CPU.ActiveCfg = Debug|Any CPU
		{0245A227-3224-4A76-BEF4-34030963345F}.Debug|Any CPU.Build.0 = Debug|Any CPU
		{0245A227-3224-4A76-BEF4-34030963345F}.Release|Any CPU.ActiveCfg = Release|Any CPU
		{0245A227-3224-4A76-BEF4-34030963345F}.Release|Any CPU.Build.0 = Release|Any CPU
		{616FB668-68D0-43D0-B3AE-3B7AFBDFFCA7}.Debug|Any CPU.ActiveCfg = Debug|Any CPU
		{616FB668-68D0-43D0-B3AE-3B7AFBDFFCA7}.Debug|Any CPU.Build.0 = Debug|Any CPU
		{616FB668-68D0-43D0-B3AE-3B7AFBDFFCA7}.Release|Any CPU.ActiveCfg = Release|Any CPU
		{616FB668-68D0-43D0-B3AE-3B7AFBDFFCA7}.Release|Any CPU.Build.0 = Release|Any CPU
		{3DDD12CA-D61F-4C98-8829-8305E433A675}.Debug|Any CPU.ActiveCfg = Debug|Any CPU
		{3DDD12CA-D61F-4C98-8829-8305E433A675}.Debug|Any CPU.Build.0 = Debug|Any CPU
		{3DDD12CA-D61F-4C98-8829-8305E433A675}.Release|Any CPU.ActiveCfg = Release|Any CPU
		{3DDD12CA-D61F-4C98-8829-8305E433A675}.Release|Any CPU.Build.0 = Release|Any CPU
		{8503F1BD-0CD2-4060-AFF3-A48A79997202}.Debug|Any CPU.ActiveCfg = Debug|Any CPU
		{8503F1BD-0CD2-4060-AFF3-A48A79997202}.Debug|Any CPU.Build.0 = Debug|Any CPU
		{8503F1BD-0CD2-4060-AFF3-A48A79997202}.Release|Any CPU.ActiveCfg = Release|Any CPU
		{8503F1BD-0CD2-4060-AFF3-A48A79997202}.Release|Any CPU.Build.0 = Release|Any CPU
		{45556141-2564-4B8D-94C8-B6C408C60593}.Debug|Any CPU.ActiveCfg = Debug|Any CPU
		{45556141-2564-4B8D-94C8-B6C408C60593}.Debug|Any CPU.Build.0 = Debug|Any CPU
		{45556141-2564-4B8D-94C8-B6C408C60593}.Release|Any CPU.ActiveCfg = Release|Any CPU
		{45556141-2564-4B8D-94C8-B6C408C60593}.Release|Any CPU.Build.0 = Release|Any CPU
		{9A503D17-D3AD-471F-A349-7F8C81A50E9F}.Debug|Any CPU.ActiveCfg = Debug|Any CPU
		{9A503D17-D3AD-471F-A349-7F8C81A50E9F}.Debug|Any CPU.Build.0 = Debug|Any CPU
		{9A503D17-D3AD-471F-A349-7F8C81A50E9F}.Release|Any CPU.ActiveCfg = Release|Any CPU
		{9A503D17-D3AD-471F-A349-7F8C81A50E9F}.Release|Any CPU.Build.0 = Release|Any CPU
		{C5B935C7-19CD-4DE7-BA53-EBFE7780FE93}.Debug|Any CPU.ActiveCfg = Debug|Any CPU
		{C5B935C7-19CD-4DE7-BA53-EBFE7780FE93}.Debug|Any CPU.Build.0 = Debug|Any CPU
		{C5B935C7-19CD-4DE7-BA53-EBFE7780FE93}.Release|Any CPU.ActiveCfg = Release|Any CPU
		{C5B935C7-19CD-4DE7-BA53-EBFE7780FE93}.Release|Any CPU.Build.0 = Release|Any CPU
		{384744F9-D673-4566-B63F-4271A928565A}.Debug|Any CPU.ActiveCfg = Debug|Any CPU
		{384744F9-D673-4566-B63F-4271A928565A}.Debug|Any CPU.Build.0 = Debug|Any CPU
		{384744F9-D673-4566-B63F-4271A928565A}.Release|Any CPU.ActiveCfg = Release|Any CPU
		{384744F9-D673-4566-B63F-4271A928565A}.Release|Any CPU.Build.0 = Release|Any CPU
		{D3BF5B5B-15E6-4D17-B465-0E6E924AF3BE}.Debug|Any CPU.ActiveCfg = Debug|Any CPU
		{D3BF5B5B-15E6-4D17-B465-0E6E924AF3BE}.Debug|Any CPU.Build.0 = Debug|Any CPU
		{D3BF5B5B-15E6-4D17-B465-0E6E924AF3BE}.Release|Any CPU.ActiveCfg = Release|Any CPU
		{D3BF5B5B-15E6-4D17-B465-0E6E924AF3BE}.Release|Any CPU.Build.0 = Release|Any CPU
		{62C43602-1A03-43FB-963F-FCBD4EDA0ED4}.Debug|Any CPU.ActiveCfg = Debug|Any CPU
		{62C43602-1A03-43FB-963F-FCBD4EDA0ED4}.Debug|Any CPU.Build.0 = Debug|Any CPU
		{62C43602-1A03-43FB-963F-FCBD4EDA0ED4}.Release|Any CPU.ActiveCfg = Release|Any CPU
		{62C43602-1A03-43FB-963F-FCBD4EDA0ED4}.Release|Any CPU.Build.0 = Release|Any CPU
		{4A75C6E4-7151-4B85-83A0-231BB005BD04}.Debug|Any CPU.ActiveCfg = Debug|Any CPU
		{4A75C6E4-7151-4B85-83A0-231BB005BD04}.Debug|Any CPU.Build.0 = Debug|Any CPU
		{4A75C6E4-7151-4B85-83A0-231BB005BD04}.Release|Any CPU.ActiveCfg = Release|Any CPU
		{4A75C6E4-7151-4B85-83A0-231BB005BD04}.Release|Any CPU.Build.0 = Release|Any CPU
		{C1309AFD-EA70-4B7D-9824-805D7D84DFAB}.Debug|Any CPU.ActiveCfg = Debug|Any CPU
		{C1309AFD-EA70-4B7D-9824-805D7D84DFAB}.Debug|Any CPU.Build.0 = Debug|Any CPU
		{C1309AFD-EA70-4B7D-9824-805D7D84DFAB}.Release|Any CPU.ActiveCfg = Release|Any CPU
		{C1309AFD-EA70-4B7D-9824-805D7D84DFAB}.Release|Any CPU.Build.0 = Release|Any CPU
		{4EDC219C-193D-42A7-9D94-43973445A267}.Debug|Any CPU.ActiveCfg = Debug|Any CPU
		{4EDC219C-193D-42A7-9D94-43973445A267}.Debug|Any CPU.Build.0 = Debug|Any CPU
		{4EDC219C-193D-42A7-9D94-43973445A267}.Release|Any CPU.ActiveCfg = Release|Any CPU
		{4EDC219C-193D-42A7-9D94-43973445A267}.Release|Any CPU.Build.0 = Release|Any CPU
		{76E4E7FD-7D81-4B55-9A3C-EB7E724A03EF}.Debug|Any CPU.ActiveCfg = Debug|Any CPU
		{76E4E7FD-7D81-4B55-9A3C-EB7E724A03EF}.Debug|Any CPU.Build.0 = Debug|Any CPU
		{76E4E7FD-7D81-4B55-9A3C-EB7E724A03EF}.Release|Any CPU.ActiveCfg = Release|Any CPU
		{76E4E7FD-7D81-4B55-9A3C-EB7E724A03EF}.Release|Any CPU.Build.0 = Release|Any CPU
		{664DBAA9-526C-4D92-9DAE-A8C51D15743C}.Debug|Any CPU.ActiveCfg = Debug|Any CPU
		{664DBAA9-526C-4D92-9DAE-A8C51D15743C}.Debug|Any CPU.Build.0 = Debug|Any CPU
		{664DBAA9-526C-4D92-9DAE-A8C51D15743C}.Release|Any CPU.ActiveCfg = Release|Any CPU
		{664DBAA9-526C-4D92-9DAE-A8C51D15743C}.Release|Any CPU.Build.0 = Release|Any CPU
		{332DEF4A-086F-4C21-AA1C-B7D1E5F740B8}.Debug|Any CPU.ActiveCfg = Debug|Any CPU
		{332DEF4A-086F-4C21-AA1C-B7D1E5F740B8}.Debug|Any CPU.Build.0 = Debug|Any CPU
		{332DEF4A-086F-4C21-AA1C-B7D1E5F740B8}.Release|Any CPU.ActiveCfg = Release|Any CPU
		{332DEF4A-086F-4C21-AA1C-B7D1E5F740B8}.Release|Any CPU.Build.0 = Release|Any CPU
		{40C2E6CD-60B8-40C3-B6FB-AAF56984E839}.Debug|Any CPU.ActiveCfg = Debug|Any CPU
		{40C2E6CD-60B8-40C3-B6FB-AAF56984E839}.Debug|Any CPU.Build.0 = Debug|Any CPU
		{40C2E6CD-60B8-40C3-B6FB-AAF56984E839}.Release|Any CPU.ActiveCfg = Release|Any CPU
		{40C2E6CD-60B8-40C3-B6FB-AAF56984E839}.Release|Any CPU.Build.0 = Release|Any CPU
		{4BB110C0-E27B-4E7B-97F9-D24726577D5D}.Debug|Any CPU.ActiveCfg = Debug|Any CPU
		{4BB110C0-E27B-4E7B-97F9-D24726577D5D}.Debug|Any CPU.Build.0 = Debug|Any CPU
		{4BB110C0-E27B-4E7B-97F9-D24726577D5D}.Release|Any CPU.ActiveCfg = Release|Any CPU
		{4BB110C0-E27B-4E7B-97F9-D24726577D5D}.Release|Any CPU.Build.0 = Release|Any CPU
		{0585F2D1-642C-4F5D-8169-F12D4A922B35}.Debug|Any CPU.ActiveCfg = Debug|Any CPU
		{0585F2D1-642C-4F5D-8169-F12D4A922B35}.Debug|Any CPU.Build.0 = Debug|Any CPU
		{0585F2D1-642C-4F5D-8169-F12D4A922B35}.Release|Any CPU.ActiveCfg = Release|Any CPU
		{0585F2D1-642C-4F5D-8169-F12D4A922B35}.Release|Any CPU.Build.0 = Release|Any CPU
		{6C79E2F4-DC69-4D6C-AFD0-CE9C1EC19A2A}.Debug|Any CPU.ActiveCfg = Debug|Any CPU
		{6C79E2F4-DC69-4D6C-AFD0-CE9C1EC19A2A}.Debug|Any CPU.Build.0 = Debug|Any CPU
		{6C79E2F4-DC69-4D6C-AFD0-CE9C1EC19A2A}.Release|Any CPU.ActiveCfg = Release|Any CPU
		{6C79E2F4-DC69-4D6C-AFD0-CE9C1EC19A2A}.Release|Any CPU.Build.0 = Release|Any CPU
		{01E6EB19-9E6E-41C8-80A1-E166ED887BC3}.Debug|Any CPU.ActiveCfg = Debug|Any CPU
		{01E6EB19-9E6E-41C8-80A1-E166ED887BC3}.Debug|Any CPU.Build.0 = Debug|Any CPU
		{01E6EB19-9E6E-41C8-80A1-E166ED887BC3}.Release|Any CPU.ActiveCfg = Release|Any CPU
		{01E6EB19-9E6E-41C8-80A1-E166ED887BC3}.Release|Any CPU.Build.0 = Release|Any CPU
		{402CEC80-64D3-4ACF-A139-19CBA20488DB}.Debug|Any CPU.ActiveCfg = Debug|Any CPU
		{402CEC80-64D3-4ACF-A139-19CBA20488DB}.Debug|Any CPU.Build.0 = Debug|Any CPU
		{402CEC80-64D3-4ACF-A139-19CBA20488DB}.Release|Any CPU.ActiveCfg = Release|Any CPU
		{402CEC80-64D3-4ACF-A139-19CBA20488DB}.Release|Any CPU.Build.0 = Release|Any CPU
		{716148B8-2E85-439C-A571-598AB8589D28}.Debug|Any CPU.ActiveCfg = Debug|Any CPU
		{716148B8-2E85-439C-A571-598AB8589D28}.Debug|Any CPU.Build.0 = Debug|Any CPU
		{716148B8-2E85-439C-A571-598AB8589D28}.Release|Any CPU.ActiveCfg = Release|Any CPU
		{716148B8-2E85-439C-A571-598AB8589D28}.Release|Any CPU.Build.0 = Release|Any CPU
		{AFE94199-41E6-406C-9637-4E0D8DB1BE99}.Debug|Any CPU.ActiveCfg = Debug|Any CPU
		{AFE94199-41E6-406C-9637-4E0D8DB1BE99}.Debug|Any CPU.Build.0 = Debug|Any CPU
		{AFE94199-41E6-406C-9637-4E0D8DB1BE99}.Release|Any CPU.ActiveCfg = Release|Any CPU
		{AFE94199-41E6-406C-9637-4E0D8DB1BE99}.Release|Any CPU.Build.0 = Release|Any CPU
		{95E8ED55-7128-4714-B02C-D2B67909666B}.Debug|Any CPU.ActiveCfg = Debug|Any CPU
		{95E8ED55-7128-4714-B02C-D2B67909666B}.Debug|Any CPU.Build.0 = Debug|Any CPU
		{95E8ED55-7128-4714-B02C-D2B67909666B}.Release|Any CPU.ActiveCfg = Release|Any CPU
		{95E8ED55-7128-4714-B02C-D2B67909666B}.Release|Any CPU.Build.0 = Release|Any CPU
		{47342236-56A1-4B2C-B0D5-022F85A56DEF}.Debug|Any CPU.ActiveCfg = Debug|Any CPU
		{47342236-56A1-4B2C-B0D5-022F85A56DEF}.Debug|Any CPU.Build.0 = Debug|Any CPU
		{47342236-56A1-4B2C-B0D5-022F85A56DEF}.Release|Any CPU.ActiveCfg = Release|Any CPU
		{47342236-56A1-4B2C-B0D5-022F85A56DEF}.Release|Any CPU.Build.0 = Release|Any CPU
		{2C19F4A4-D185-4252-9CD1-14A8781B7DFF}.Debug|Any CPU.ActiveCfg = Debug|Any CPU
		{2C19F4A4-D185-4252-9CD1-14A8781B7DFF}.Debug|Any CPU.Build.0 = Debug|Any CPU
		{2C19F4A4-D185-4252-9CD1-14A8781B7DFF}.Release|Any CPU.ActiveCfg = Release|Any CPU
		{2C19F4A4-D185-4252-9CD1-14A8781B7DFF}.Release|Any CPU.Build.0 = Release|Any CPU
		{8802D6F4-2C73-4649-8ADE-DA4D610F0794}.Debug|Any CPU.ActiveCfg = Debug|Any CPU
		{8802D6F4-2C73-4649-8ADE-DA4D610F0794}.Debug|Any CPU.Build.0 = Debug|Any CPU
		{8802D6F4-2C73-4649-8ADE-DA4D610F0794}.Release|Any CPU.ActiveCfg = Release|Any CPU
		{8802D6F4-2C73-4649-8ADE-DA4D610F0794}.Release|Any CPU.Build.0 = Release|Any CPU
		{9723F6D4-5F85-4C1B-9C20-B3680F344D90}.Debug|Any CPU.ActiveCfg = Debug|Any CPU
		{9723F6D4-5F85-4C1B-9C20-B3680F344D90}.Debug|Any CPU.Build.0 = Debug|Any CPU
		{9723F6D4-5F85-4C1B-9C20-B3680F344D90}.Release|Any CPU.ActiveCfg = Release|Any CPU
		{9723F6D4-5F85-4C1B-9C20-B3680F344D90}.Release|Any CPU.Build.0 = Release|Any CPU
		{30555EC3-535F-4964-9886-CBA12E25CF18}.Debug|Any CPU.ActiveCfg = Debug|Any CPU
		{30555EC3-535F-4964-9886-CBA12E25CF18}.Debug|Any CPU.Build.0 = Debug|Any CPU
		{30555EC3-535F-4964-9886-CBA12E25CF18}.Release|Any CPU.ActiveCfg = Release|Any CPU
		{30555EC3-535F-4964-9886-CBA12E25CF18}.Release|Any CPU.Build.0 = Release|Any CPU
		{FAD00396-B0D7-42AA-BD8D-57793FBC6BE9}.Debug|Any CPU.ActiveCfg = Debug|Any CPU
		{FAD00396-B0D7-42AA-BD8D-57793FBC6BE9}.Debug|Any CPU.Build.0 = Debug|Any CPU
		{FAD00396-B0D7-42AA-BD8D-57793FBC6BE9}.Release|Any CPU.ActiveCfg = Release|Any CPU
		{FAD00396-B0D7-42AA-BD8D-57793FBC6BE9}.Release|Any CPU.Build.0 = Release|Any CPU
		{E9BC45DA-9455-4F91-B197-D11C8D90998B}.Debug|Any CPU.ActiveCfg = Debug|Any CPU
		{E9BC45DA-9455-4F91-B197-D11C8D90998B}.Debug|Any CPU.Build.0 = Debug|Any CPU
		{E9BC45DA-9455-4F91-B197-D11C8D90998B}.Release|Any CPU.ActiveCfg = Release|Any CPU
		{E9BC45DA-9455-4F91-B197-D11C8D90998B}.Release|Any CPU.Build.0 = Release|Any CPU
		{BCD423B7-B9C4-41C8-8615-4FCBA8C5EB15}.Debug|Any CPU.ActiveCfg = Debug|Any CPU
		{BCD423B7-B9C4-41C8-8615-4FCBA8C5EB15}.Debug|Any CPU.Build.0 = Debug|Any CPU
		{BCD423B7-B9C4-41C8-8615-4FCBA8C5EB15}.Release|Any CPU.ActiveCfg = Release|Any CPU
		{BCD423B7-B9C4-41C8-8615-4FCBA8C5EB15}.Release|Any CPU.Build.0 = Release|Any CPU
		{C5A9C093-6DB5-4CAF-B6A0-0B1E14F26598}.Debug|Any CPU.ActiveCfg = Debug|Any CPU
		{C5A9C093-6DB5-4CAF-B6A0-0B1E14F26598}.Debug|Any CPU.Build.0 = Debug|Any CPU
		{C5A9C093-6DB5-4CAF-B6A0-0B1E14F26598}.Release|Any CPU.ActiveCfg = Release|Any CPU
		{C5A9C093-6DB5-4CAF-B6A0-0B1E14F26598}.Release|Any CPU.Build.0 = Release|Any CPU
		{12029AE4-3C94-450F-BD1F-150EBA5B0F00}.Debug|Any CPU.ActiveCfg = Debug|Any CPU
		{12029AE4-3C94-450F-BD1F-150EBA5B0F00}.Debug|Any CPU.Build.0 = Debug|Any CPU
		{12029AE4-3C94-450F-BD1F-150EBA5B0F00}.Release|Any CPU.ActiveCfg = Release|Any CPU
		{12029AE4-3C94-450F-BD1F-150EBA5B0F00}.Release|Any CPU.Build.0 = Release|Any CPU
		{03345316-DB44-46C1-92A1-2157E7736D2D}.Debug|Any CPU.ActiveCfg = Debug|Any CPU
		{03345316-DB44-46C1-92A1-2157E7736D2D}.Debug|Any CPU.Build.0 = Debug|Any CPU
		{03345316-DB44-46C1-92A1-2157E7736D2D}.Release|Any CPU.ActiveCfg = Release|Any CPU
		{03345316-DB44-46C1-92A1-2157E7736D2D}.Release|Any CPU.Build.0 = Release|Any CPU
		{1D185703-875E-4A57-94CC-F782071D251F}.Debug|Any CPU.ActiveCfg = Debug|Any CPU
		{1D185703-875E-4A57-94CC-F782071D251F}.Debug|Any CPU.Build.0 = Debug|Any CPU
		{1D185703-875E-4A57-94CC-F782071D251F}.Release|Any CPU.ActiveCfg = Release|Any CPU
		{1D185703-875E-4A57-94CC-F782071D251F}.Release|Any CPU.Build.0 = Release|Any CPU
		{55C3EC6F-5A73-4B8E-A99C-4A201BD19641}.Debug|Any CPU.ActiveCfg = Debug|Any CPU
		{55C3EC6F-5A73-4B8E-A99C-4A201BD19641}.Debug|Any CPU.Build.0 = Debug|Any CPU
		{55C3EC6F-5A73-4B8E-A99C-4A201BD19641}.Release|Any CPU.ActiveCfg = Release|Any CPU
		{55C3EC6F-5A73-4B8E-A99C-4A201BD19641}.Release|Any CPU.Build.0 = Release|Any CPU
		{2AC68D82-1E7A-49A4-AFB7-959BD343E5D9}.Debug|Any CPU.ActiveCfg = Debug|Any CPU
		{2AC68D82-1E7A-49A4-AFB7-959BD343E5D9}.Debug|Any CPU.Build.0 = Debug|Any CPU
		{2AC68D82-1E7A-49A4-AFB7-959BD343E5D9}.Release|Any CPU.ActiveCfg = Release|Any CPU
		{2AC68D82-1E7A-49A4-AFB7-959BD343E5D9}.Release|Any CPU.Build.0 = Release|Any CPU
		{4056016F-B778-404A-8B1C-F359A653E65C}.Debug|Any CPU.ActiveCfg = Debug|Any CPU
		{4056016F-B778-404A-8B1C-F359A653E65C}.Debug|Any CPU.Build.0 = Debug|Any CPU
		{4056016F-B778-404A-8B1C-F359A653E65C}.Release|Any CPU.ActiveCfg = Release|Any CPU
		{4056016F-B778-404A-8B1C-F359A653E65C}.Release|Any CPU.Build.0 = Release|Any CPU
		{09729EBA-8326-439A-9D0B-62D146AFC3D2}.Debug|Any CPU.ActiveCfg = Debug|Any CPU
		{09729EBA-8326-439A-9D0B-62D146AFC3D2}.Debug|Any CPU.Build.0 = Debug|Any CPU
		{09729EBA-8326-439A-9D0B-62D146AFC3D2}.Release|Any CPU.ActiveCfg = Release|Any CPU
		{09729EBA-8326-439A-9D0B-62D146AFC3D2}.Release|Any CPU.Build.0 = Release|Any CPU
		{FD13E028-B64C-4A90-9D7D-F77F807C88BF}.Debug|Any CPU.ActiveCfg = Debug|Any CPU
		{FD13E028-B64C-4A90-9D7D-F77F807C88BF}.Debug|Any CPU.Build.0 = Debug|Any CPU
		{FD13E028-B64C-4A90-9D7D-F77F807C88BF}.Release|Any CPU.ActiveCfg = Release|Any CPU
		{FD13E028-B64C-4A90-9D7D-F77F807C88BF}.Release|Any CPU.Build.0 = Release|Any CPU
		{993E0CF7-C00B-46AF-B929-8E492BDF1ECA}.Debug|Any CPU.ActiveCfg = Debug|Any CPU
		{993E0CF7-C00B-46AF-B929-8E492BDF1ECA}.Debug|Any CPU.Build.0 = Debug|Any CPU
		{993E0CF7-C00B-46AF-B929-8E492BDF1ECA}.Release|Any CPU.ActiveCfg = Release|Any CPU
		{993E0CF7-C00B-46AF-B929-8E492BDF1ECA}.Release|Any CPU.Build.0 = Release|Any CPU
		{84DD717E-3ED4-4274-A2C0-98F1777126B0}.Debug|Any CPU.ActiveCfg = Debug|Any CPU
		{84DD717E-3ED4-4274-A2C0-98F1777126B0}.Debug|Any CPU.Build.0 = Debug|Any CPU
		{84DD717E-3ED4-4274-A2C0-98F1777126B0}.Release|Any CPU.ActiveCfg = Release|Any CPU
		{84DD717E-3ED4-4274-A2C0-98F1777126B0}.Release|Any CPU.Build.0 = Release|Any CPU
		{55FC45E6-F533-40A6-B07C-8C650C16DFE8}.Debug|Any CPU.ActiveCfg = Debug|Any CPU
		{55FC45E6-F533-40A6-B07C-8C650C16DFE8}.Debug|Any CPU.Build.0 = Debug|Any CPU
		{55FC45E6-F533-40A6-B07C-8C650C16DFE8}.Release|Any CPU.ActiveCfg = Release|Any CPU
		{55FC45E6-F533-40A6-B07C-8C650C16DFE8}.Release|Any CPU.Build.0 = Release|Any CPU
		{34C33A35-269A-4E34-8E05-F43D9960A443}.Debug|Any CPU.ActiveCfg = Debug|Any CPU
		{34C33A35-269A-4E34-8E05-F43D9960A443}.Debug|Any CPU.Build.0 = Debug|Any CPU
		{34C33A35-269A-4E34-8E05-F43D9960A443}.Release|Any CPU.ActiveCfg = Release|Any CPU
		{34C33A35-269A-4E34-8E05-F43D9960A443}.Release|Any CPU.Build.0 = Release|Any CPU
		{CC173D51-8D29-4D44-A731-480264A17913}.Debug|Any CPU.ActiveCfg = Debug|Any CPU
		{CC173D51-8D29-4D44-A731-480264A17913}.Debug|Any CPU.Build.0 = Debug|Any CPU
		{CC173D51-8D29-4D44-A731-480264A17913}.Release|Any CPU.ActiveCfg = Release|Any CPU
		{CC173D51-8D29-4D44-A731-480264A17913}.Release|Any CPU.Build.0 = Release|Any CPU
		{5098B420-FBE2-49A8-9723-F49DECB26D5E}.Debug|Any CPU.ActiveCfg = Debug|Any CPU
		{5098B420-FBE2-49A8-9723-F49DECB26D5E}.Debug|Any CPU.Build.0 = Debug|Any CPU
		{5098B420-FBE2-49A8-9723-F49DECB26D5E}.Release|Any CPU.ActiveCfg = Release|Any CPU
		{5098B420-FBE2-49A8-9723-F49DECB26D5E}.Release|Any CPU.Build.0 = Release|Any CPU
		{1EE39B87-F50F-4A4E-9C2A-880DA8AFCC95}.Debug|Any CPU.ActiveCfg = Debug|Any CPU
		{1EE39B87-F50F-4A4E-9C2A-880DA8AFCC95}.Debug|Any CPU.Build.0 = Debug|Any CPU
		{1EE39B87-F50F-4A4E-9C2A-880DA8AFCC95}.Release|Any CPU.ActiveCfg = Release|Any CPU
		{1EE39B87-F50F-4A4E-9C2A-880DA8AFCC95}.Release|Any CPU.Build.0 = Release|Any CPU
		{43C3121C-164C-41EC-AB37-7BDFE3A43052}.Debug|Any CPU.ActiveCfg = Debug|Any CPU
		{43C3121C-164C-41EC-AB37-7BDFE3A43052}.Debug|Any CPU.Build.0 = Debug|Any CPU
		{43C3121C-164C-41EC-AB37-7BDFE3A43052}.Release|Any CPU.ActiveCfg = Release|Any CPU
		{43C3121C-164C-41EC-AB37-7BDFE3A43052}.Release|Any CPU.Build.0 = Release|Any CPU
		{CAE13D90-AA0A-4195-8842-9868AC4098FA}.Debug|Any CPU.ActiveCfg = Debug|Any CPU
		{CAE13D90-AA0A-4195-8842-9868AC4098FA}.Debug|Any CPU.Build.0 = Debug|Any CPU
		{CAE13D90-AA0A-4195-8842-9868AC4098FA}.Release|Any CPU.ActiveCfg = Release|Any CPU
		{CAE13D90-AA0A-4195-8842-9868AC4098FA}.Release|Any CPU.Build.0 = Release|Any CPU
		{C650675B-9B7D-41E4-B11D-F7B26CECC803}.Debug|Any CPU.ActiveCfg = Debug|Any CPU
		{C650675B-9B7D-41E4-B11D-F7B26CECC803}.Debug|Any CPU.Build.0 = Debug|Any CPU
		{C650675B-9B7D-41E4-B11D-F7B26CECC803}.Release|Any CPU.ActiveCfg = Release|Any CPU
		{C650675B-9B7D-41E4-B11D-F7B26CECC803}.Release|Any CPU.Build.0 = Release|Any CPU
		{254DC1A7-2EEA-4739-BCAE-19E27B8542F0}.Debug|Any CPU.ActiveCfg = Debug|Any CPU
		{254DC1A7-2EEA-4739-BCAE-19E27B8542F0}.Debug|Any CPU.Build.0 = Debug|Any CPU
		{254DC1A7-2EEA-4739-BCAE-19E27B8542F0}.Release|Any CPU.ActiveCfg = Release|Any CPU
		{254DC1A7-2EEA-4739-BCAE-19E27B8542F0}.Release|Any CPU.Build.0 = Release|Any CPU
		{5B4CAEE6-562F-44AA-8B9B-12CC1619EA49}.Debug|Any CPU.ActiveCfg = Debug|Any CPU
		{5B4CAEE6-562F-44AA-8B9B-12CC1619EA49}.Debug|Any CPU.Build.0 = Debug|Any CPU
		{5B4CAEE6-562F-44AA-8B9B-12CC1619EA49}.Release|Any CPU.ActiveCfg = Release|Any CPU
		{5B4CAEE6-562F-44AA-8B9B-12CC1619EA49}.Release|Any CPU.Build.0 = Release|Any CPU
		{C969C26F-2C63-440F-BFEE-5D11AF325302}.Debug|Any CPU.ActiveCfg = Debug|Any CPU
		{C969C26F-2C63-440F-BFEE-5D11AF325302}.Debug|Any CPU.Build.0 = Debug|Any CPU
		{C969C26F-2C63-440F-BFEE-5D11AF325302}.Release|Any CPU.ActiveCfg = Release|Any CPU
		{C969C26F-2C63-440F-BFEE-5D11AF325302}.Release|Any CPU.Build.0 = Release|Any CPU
		{46FF2CC5-38A6-4569-94CE-FA586EA08F93}.Debug|Any CPU.ActiveCfg = Debug|Any CPU
		{46FF2CC5-38A6-4569-94CE-FA586EA08F93}.Debug|Any CPU.Build.0 = Debug|Any CPU
		{46FF2CC5-38A6-4569-94CE-FA586EA08F93}.Release|Any CPU.ActiveCfg = Release|Any CPU
		{46FF2CC5-38A6-4569-94CE-FA586EA08F93}.Release|Any CPU.Build.0 = Release|Any CPU
		{FCCF901E-14E7-424D-B7B0-522AB3ABA7F3}.Debug|Any CPU.ActiveCfg = Debug|Any CPU
		{FCCF901E-14E7-424D-B7B0-522AB3ABA7F3}.Debug|Any CPU.Build.0 = Debug|Any CPU
		{FCCF901E-14E7-424D-B7B0-522AB3ABA7F3}.Release|Any CPU.ActiveCfg = Release|Any CPU
		{FCCF901E-14E7-424D-B7B0-522AB3ABA7F3}.Release|Any CPU.Build.0 = Release|Any CPU
		{E95C2AEF-6F5F-41BC-BD6A-CDD382CE19FC}.Debug|Any CPU.ActiveCfg = Debug|Any CPU
		{E95C2AEF-6F5F-41BC-BD6A-CDD382CE19FC}.Debug|Any CPU.Build.0 = Debug|Any CPU
		{E95C2AEF-6F5F-41BC-BD6A-CDD382CE19FC}.Release|Any CPU.ActiveCfg = Release|Any CPU
		{E95C2AEF-6F5F-41BC-BD6A-CDD382CE19FC}.Release|Any CPU.Build.0 = Release|Any CPU
		{B9D64CA7-EDDA-4090-A67B-B842ABEF3486}.Debug|Any CPU.ActiveCfg = Debug|Any CPU
		{B9D64CA7-EDDA-4090-A67B-B842ABEF3486}.Debug|Any CPU.Build.0 = Debug|Any CPU
		{B9D64CA7-EDDA-4090-A67B-B842ABEF3486}.Release|Any CPU.ActiveCfg = Release|Any CPU
		{B9D64CA7-EDDA-4090-A67B-B842ABEF3486}.Release|Any CPU.Build.0 = Release|Any CPU
		{DD800B52-6F49-4B40-9359-5C408E6157A9}.Debug|Any CPU.ActiveCfg = Debug|Any CPU
		{DD800B52-6F49-4B40-9359-5C408E6157A9}.Debug|Any CPU.Build.0 = Debug|Any CPU
		{DD800B52-6F49-4B40-9359-5C408E6157A9}.Release|Any CPU.ActiveCfg = Release|Any CPU
		{DD800B52-6F49-4B40-9359-5C408E6157A9}.Release|Any CPU.Build.0 = Release|Any CPU
		{63A6825C-9F1F-44E6-A97E-2E6EBD5B7561}.Debug|Any CPU.ActiveCfg = Debug|Any CPU
		{63A6825C-9F1F-44E6-A97E-2E6EBD5B7561}.Debug|Any CPU.Build.0 = Debug|Any CPU
		{63A6825C-9F1F-44E6-A97E-2E6EBD5B7561}.Release|Any CPU.ActiveCfg = Release|Any CPU
		{63A6825C-9F1F-44E6-A97E-2E6EBD5B7561}.Release|Any CPU.Build.0 = Release|Any CPU
	EndGlobalSection
	GlobalSection(SolutionProperties) = preSolution
		HideSolutionNode = FALSE
	EndGlobalSection
EndGlobal
